<Solution>
  <Folder Name="/src/">
    <Project Path="src/NlcsLegenda.Core/NlcsLegenda.Core.csproj" />
    <Project Path="src/NlcsLegenda.Plugin/NlcsLegenda.Plugin.csproj" />
  </Folder>
  <Folder Name="/tests/">
    <Project Path="tests/NlcsLegenda.Core.Tests/NlcsLegenda.Core.Tests.csproj" />
  </Folder>
</Solution>
